
Microsoft Visual Studio Solution File, Format Version 12.00
# Visual Studio Version 16
VisualStudioVersion = 25.0.1706.4
MinimumVisualStudioVersion = 10.0.40219.1
Project("{FAE04EC0-301F-11D3-BF4B-00C04F79EFBC}") = "PongFirstProject", "PongFirstProject\PongFirstProject.csproj", "{FCB89A52-8D49-4EC8-9BEB-EDA83657EE08}"
EndProject
Global
	GlobalSection(SolutionConfigurationPlatforms) = preSolution
		Debug|Any CPU = Debug|Any CPU
		Release|Any CPU = Release|Any CPU
	EndGlobalSection
	GlobalSection(ProjectConfigurationPlatforms) = postSolution
		{FCB89A52-8D49-4EC8-9BEB-EDA83657EE08}.Debug|Any CPU.ActiveCfg = Debug|Any CPU
		{FCB89A52-8D49-4EC8-9BEB-EDA83657EE08}.Debug|Any CPU.Build.0 = Debug|Any CPU
		{FCB89A52-8D49-4EC8-9BEB-EDA83657EE08}.Release|Any CPU.ActiveCfg = Release|Any CPU
		{FCB89A52-8D49-4EC8-9BEB-EDA83657EE08}.Release|Any CPU.Build.0 = Release|Any CPU
	EndGlobalSection
	GlobalSection(SolutionProperties) = preSolution
		HideSolutionNode = FALSE
	EndGlobalSection
	GlobalSection(ExtensibilityGlobals) = postSolution
		SolutionGuid = {2D11B65C-B1C4-4382-9D9E-A42145D1C124}
	EndGlobalSection
EndGlobal
